# THIS IS AN AUTOGENERATED FILE. DO NOT EDIT THIS FILE DIRECTLY.
# yarn lockfile v1


"@babel/runtime@^7.17.2", "@babel/runtime@^7.5.5", "@babel/runtime@^7.8.7":
  version "7.18.3"
  resolved "https://registry.yarnpkg.com/@babel/runtime/-/runtime-7.18.3.tgz#c7b654b57f6f63cf7f8b418ac9ca04408c4579f4"
  integrity sha512-38Y8f7YUhce/K7RMwTp7m0uCumpv9hZkitCbBClqQIow1qSbCvGkcegKOXpEWCQLfWmevgRiWokZ1GkpfhbZug==
  dependencies:
    regenerator-runtime "^0.13.4"

"@date-io/core@^2.14.0":
  version "2.14.0"
  resolved "https://registry.yarnpkg.com/@date-io/core/-/core-2.14.0.tgz#03e9b9b9fc8e4d561c32dd324df0f3ccd967ef14"
  integrity sha512-qFN64hiFjmlDHJhu+9xMkdfDG2jLsggNxKXglnekUpXSq8faiqZgtHm2lsHCUuaPDTV6wuXHcCl8J1GQ5wLmPw==

"@date-io/date-fns@^2.11.0", "@date-io/date-fns@^2.14.0":
  version "2.14.0"
  resolved "https://registry.yarnpkg.com/@date-io/date-fns/-/date-fns-2.14.0.tgz#92ab150f488f294c135c873350d154803cebdbea"
  integrity sha512-4fJctdVyOd5cKIKGaWUM+s3MUXMuzkZaHuTY15PH70kU1YTMrCoauA7hgQVx9qj0ZEbGrH9VSPYJYnYro7nKiA==
  dependencies:
    "@date-io/core" "^2.14.0"

"@date-io/dayjs@^2.11.0", "@date-io/dayjs@^2.14.0":
  version "2.14.0"
  resolved "https://registry.yarnpkg.com/@date-io/dayjs/-/dayjs-2.14.0.tgz#8d4e93e1d473bb5f25210866204dc33384ca4c20"
  integrity sha512-4fRvNWaOh7AjvOyJ4h6FYMS7VHLQnIEeAV5ahv6sKYWx+1g1UwYup8h7+gPuoF+sW2hTScxi7PVaba2Jk/U8Og==
  dependencies:
    "@date-io/core" "^2.14.0"

"@date-io/luxon@^2.11.1", "@date-io/luxon@^2.14.0":
  version "2.14.0"
  resolved "https://registry.yarnpkg.com/@date-io/luxon/-/luxon-2.14.0.tgz#cd1641229e00a899625895de3a31e3aaaf66629f"
  integrity sha512-KmpBKkQFJ/YwZgVd0T3h+br/O0uL9ZdE7mn903VPAG2ZZncEmaUfUdYKFT7v7GyIKJ4KzCp379CRthEbxevEVg==
  dependencies:
    "@date-io/core" "^2.14.0"

"@date-io/moment@^2.11.0", "@date-io/moment@^2.14.0":
  version "2.14.0"
  resolved "https://registry.yarnpkg.com/@date-io/moment/-/moment-2.14.0.tgz#8300abd6ae8c55d8edee90d118db3cef0b1d4f58"
  integrity sha512-VsoLXs94GsZ49ecWuvFbsa081zEv2xxG7d+izJsqGa2L8RPZLlwk27ANh87+SNnOUpp+qy2AoCAf0mx4XXhioA==
  dependencies:
    "@date-io/core" "^2.14.0"

"@emotion/cache@^11.7.1":
  version "11.7.1"
  resolved "https://registry.yarnpkg.com/@emotion/cache/-/cache-11.7.1.tgz#08d080e396a42e0037848214e8aa7bf879065539"
  integrity sha512-r65Zy4Iljb8oyjtLeCuBH8Qjiy107dOYC6SJq7g7GV5UCQWMObY4SJDPGFjiiVpPrOJ2hmJOoBiYTC7hwx9E2A==
  dependencies:
    "@emotion/memoize" "^0.7.4"
    "@emotion/sheet" "^1.1.0"
    "@emotion/utils" "^1.0.0"
    "@emotion/weak-memoize" "^0.2.5"
    stylis "4.0.13"

"@emotion/is-prop-valid@^1.1.2":
  version "1.1.2"
  resolved "https://registry.yarnpkg.com/@emotion/is-prop-valid/-/is-prop-valid-1.1.2.tgz#34ad6e98e871aa6f7a20469b602911b8b11b3a95"
  integrity sha512-3QnhqeL+WW88YjYbQL5gUIkthuMw7a0NGbZ7wfFVk2kg/CK5w8w5FFa0RzWjyY1+sujN0NWbtSHH6OJmWHtJpQ==
  dependencies:
    "@emotion/memoize" "^0.7.4"

"@emotion/memoize@^0.7.4":
  version "0.7.5"
  resolved "https://registry.yarnpkg.com/@emotion/memoize/-/memoize-0.7.5.tgz#2c40f81449a4e554e9fc6396910ed4843ec2be50"
  integrity sha512-igX9a37DR2ZPGYtV6suZ6whr8pTFtyHL3K/oLUotxpSVO2ASaprmAe2Dkq7tBo7CRY7MMDrAa9nuQP9/YG8FxQ==

"@emotion/sheet@^1.1.0":
  version "1.1.0"
  resolved "https://registry.yarnpkg.com/@emotion/sheet/-/sheet-1.1.0.tgz#56d99c41f0a1cda2726a05aa6a20afd4c63e58d2"
  integrity sha512-u0AX4aSo25sMAygCuQTzS+HsImZFuS8llY8O7b9MDRzbJM0kVJlAz6KNDqcG7pOuQZJmj/8X/rAW+66kMnMW+g==

"@emotion/utils@^1.0.0":
  version "1.1.0"
  resolved "https://registry.yarnpkg.com/@emotion/utils/-/utils-1.1.0.tgz#86b0b297f3f1a0f2bdb08eeac9a2f49afd40d0cf"
  integrity sha512-iRLa/Y4Rs5H/f2nimczYmS5kFJEbpiVvgN3XVfZ022IYhuNA1IRSHEizcof88LtCTXtl9S2Cxt32KgaXEu72JQ==

"@emotion/weak-memoize@^0.2.5":
  version "0.2.5"
  resolved "https://registry.yarnpkg.com/@emotion/weak-memoize/-/weak-memoize-0.2.5.tgz#8eed982e2ee6f7f4e44c253e12962980791efd46"
  integrity sha512-6U71C2Wp7r5XtFtQzYrW5iKFT67OixrSxjI4MptCHzdSVlgabczzqLe0ZSgnub/5Kp4hSbpDB1tMytZY9pwxxA==

"@mui/base@5.0.0-alpha.83":
  version "5.0.0-alpha.83"
  resolved "https://registry.yarnpkg.com/@mui/base/-/base-5.0.0-alpha.83.tgz#8ac60dc7315f8ae001233e8e10398e31833625bd"
  integrity sha512-/bFcjiI36R2Epf2Y3BkZOIdxrz5uMLqOU4cRai4igJ8DHTRMZDeKbOff0SdvwJNwg8r6oPUyoeOpsWkaOOX9/g==
  dependencies:
    "@babel/runtime" "^7.17.2"
    "@emotion/is-prop-valid" "^1.1.2"
    "@mui/types" "^7.1.3"
    "@mui/utils" "^5.8.0"
    "@popperjs/core" "^2.11.5"
    clsx "^1.1.1"
    prop-types "^15.8.1"
    react-is "^17.0.2"

"@mui/lab@^5.0.0-alpha.84":
  version "5.0.0-alpha.84"
  resolved "https://registry.yarnpkg.com/@mui/lab/-/lab-5.0.0-alpha.84.tgz#e96644fefc0745b9a50cba6c18ca53d581a863b8"
  integrity sha512-HLYD6E3PAlzKMGZkkpiPI7trHP3WYDvrjQstEsFwdaGy9AMWPmyTxhwUyfB4VVHOx3zcj4p/a36kECDtEOAJ+g==
  dependencies:
    "@babel/runtime" "^7.17.2"
    "@mui/base" "5.0.0-alpha.83"
    "@mui/system" "^5.8.2"
    "@mui/utils" "^5.8.0"
    "@mui/x-date-pickers" "5.0.0-alpha.1"
    clsx "^1.1.1"
    prop-types "^15.8.1"
    react-is "^17.0.2"
    react-transition-group "^4.4.2"
    rifm "^0.12.1"

"@mui/private-theming@^5.8.0":
  version "5.8.0"
  resolved "https://registry.yarnpkg.com/@mui/private-theming/-/private-theming-5.8.0.tgz#7d927e7e12616dc10b0dcbe665df2c00ed859796"
  integrity sha512-MjRAneTmCKLR9u2S4jtjLUe6gpHxlbb4g2bqpDJ2PdwlvwsWIUzbc/gVB4dvccljXeWxr5G2M/Co2blXisvFIw==
  dependencies:
    "@babel/runtime" "^7.17.2"
    "@mui/utils" "^5.8.0"
    prop-types "^15.8.1"

"@mui/styled-engine@^5.8.0":
  version "5.8.0"
  resolved "https://registry.yarnpkg.com/@mui/styled-engine/-/styled-engine-5.8.0.tgz#89ed42efe7c8749e5a60af035bc5d3a6bea362bf"
  integrity sha512-Q3spibB8/EgeMYHc+/o3RRTnAYkSl7ROCLhXJ830W8HZ2/iDiyYp16UcxKPurkXvLhUaILyofPVrP3Su2uKsAw==
  dependencies:
    "@babel/runtime" "^7.17.2"
    "@emotion/cache" "^11.7.1"
    prop-types "^15.8.1"

"@mui/system@^5.8.2":
  version "5.8.2"
  resolved "https://registry.yarnpkg.com/@mui/system/-/system-5.8.2.tgz#b6d889051caec1efe31a87f0bb96d52f003e517d"
  integrity sha512-N74gDNKM+MnWvKTMmCPvCVLH4f0ZzakP1bcMDaPctrHwcyxNcEmtTGNpIiVk0Iu7vtThZAFL3DjHpINPGF7+cg==
  dependencies:
    "@babel/runtime" "^7.17.2"
    "@mui/private-theming" "^5.8.0"
    "@mui/styled-engine" "^5.8.0"
    "@mui/types" "^7.1.3"
    "@mui/utils" "^5.8.0"
    clsx "^1.1.1"
    csstype "^3.1.0"
    prop-types "^15.8.1"

"@mui/types@^7.1.3":
  version "7.1.3"
  resolved "https://registry.yarnpkg.com/@mui/types/-/types-7.1.3.tgz#d7636f3046110bcccc63e6acfd100e2ad9ca712a"
  integrity sha512-DDF0UhMBo4Uezlk+6QxrlDbchF79XG6Zs0zIewlR4c0Dt6GKVFfUtzPtHCH1tTbcSlq/L2bGEdiaoHBJ9Y1gSA==

"@mui/utils@^5.4.1", "@mui/utils@^5.6.0", "@mui/utils@^5.8.0":
  version "5.8.0"
  resolved "https://registry.yarnpkg.com/@mui/utils/-/utils-5.8.0.tgz#4b1d19cbcf70773283375e763b7b3552b84cb58f"
  integrity sha512-7LgUtCvz78676iC0wpTH7HizMdCrTphhBmRWimIMFrp5Ph6JbDFVuKS1CwYnWWxRyYKL0QzXrDL0lptAU90EXg==
  dependencies:
    "@babel/runtime" "^7.17.2"
    "@types/prop-types" "^15.7.5"
    "@types/react-is" "^16.7.1 || ^17.0.0"
    prop-types "^15.8.1"
    react-is "^17.0.2"

"@mui/x-date-pickers@5.0.0-alpha.1":
  version "5.0.0-alpha.1"
  resolved "https://registry.yarnpkg.com/@mui/x-date-pickers/-/x-date-pickers-5.0.0-alpha.1.tgz#7450b5544b9ed655db41891c74e2c5f652fbedb7"
  integrity sha512-dLPkRiIn2Gr0momblxiOnIwrxn4SijVix+8e08mwAGWhiWcmWep1O9XTRDpZsjB0kjHYCf+kZjlRX4dxnj2acg==
  dependencies:
    "@date-io/date-fns" "^2.11.0"
    "@date-io/dayjs" "^2.11.0"
    "@date-io/luxon" "^2.11.1"
    "@date-io/moment" "^2.11.0"
    "@mui/utils" "^5.6.0"
    clsx "^1.1.1"
    prop-types "^15.7.2"
    react-transition-group "^4.4.2"
    rifm "^0.12.1"

"@mui/x-date-pickers@^5.0.0-alpha.5":
  version "5.0.0-alpha.5"
  resolved "https://registry.yarnpkg.com/@mui/x-date-pickers/-/x-date-pickers-5.0.0-alpha.5.tgz#5792b3c82070fa7fe70f54e971e8fa174191f974"
  integrity sha512-13sX7TJEkUP8oX3956XsLE8rWnCsC5YgZex2faLbnbdo3axvmje/HH3BPd7KvymQxz4tQWW68+m0+nL2sLjSng==
  dependencies:
    "@babel/runtime" "^7.17.2"
    "@date-io/date-fns" "^2.14.0"
    "@date-io/dayjs" "^2.14.0"
    "@date-io/luxon" "^2.14.0"
    "@date-io/moment" "^2.14.0"
    "@mui/utils" "^5.4.1"
    clsx "^1.1.1"
    prop-types "^15.7.2"
    react-transition-group "^4.4.2"
    rifm "^0.12.1"

"@popperjs/core@^2.11.5":
  version "2.11.5"
  resolved "https://registry.yarnpkg.com/@popperjs/core/-/core-2.11.5.tgz#db5a11bf66bdab39569719555b0f76e138d7bd64"
  integrity sha512-9X2obfABZuDVLCgPK9aX0a/x4jaOEweTTWE2+9sr0Qqqevj2Uv5XorvusThmc9XGYpS9yI+fhh8RTafBtGposw==

"@types/prop-types@*", "@types/prop-types@^15.7.5":
  version "15.7.5"
  resolved "https://registry.yarnpkg.com/@types/prop-types/-/prop-types-15.7.5.tgz#5f19d2b85a98e9558036f6a3cacc8819420f05cf"
  integrity sha512-JCB8C6SnDoQf0cNycqd/35A7MjcnK+ZTqE7judS6o7utxUCg6imJg3QK2qzHKszlTjcj2cn+NwMB2i96ubpj7w==

"@types/react-is@^16.7.1 || ^17.0.0":
  version "17.0.3"
  resolved "https://registry.yarnpkg.com/@types/react-is/-/react-is-17.0.3.tgz#2d855ba575f2fc8d17ef9861f084acc4b90a137a"
  integrity sha512-aBTIWg1emtu95bLTLx0cpkxwGW3ueZv71nE2YFBpL8k/z5czEW8yYpOo8Dp+UUAFAtKwNaOsh/ioSeQnWlZcfw==
  dependencies:
    "@types/react" "*"

"@types/react@*":
  version "18.0.12"
  resolved "https://registry.yarnpkg.com/@types/react/-/react-18.0.12.tgz#cdaa209d0a542b3fcf69cf31a03976ec4cdd8840"
  integrity sha512-duF1OTASSBQtcigUvhuiTB1Ya3OvSy+xORCiEf20H0P0lzx+/KeVsA99U5UjLXSbyo1DRJDlLKqTeM1ngosqtg==
  dependencies:
    "@types/prop-types" "*"
    "@types/scheduler" "*"
    csstype "^3.0.2"

"@types/scheduler@*":
  version "0.16.2"
  resolved "https://registry.yarnpkg.com/@types/scheduler/-/scheduler-0.16.2.tgz#1a62f89525723dde24ba1b01b092bf5df8ad4d39"
  integrity sha512-hppQEBDmlwhFAXKJX2KnWLYu5yMfi91yazPb2l+lbJiwW+wdo1gNeRA+3RgNSO39WYX2euey41KEwnqesU2Jew==

clsx@^1.1.1:
  version "1.1.1"
  resolved "https://registry.yarnpkg.com/clsx/-/clsx-1.1.1.tgz#98b3134f9abbdf23b2663491ace13c5c03a73188"
  integrity sha512-6/bPho624p3S2pMyvP5kKBPXnI3ufHLObBFCfgx+LkeR5lg2XYy2hqZqUf45ypD8COn2bhgGJSUE+l5dhNBieA==

csstype@^3.0.2, csstype@^3.1.0:
  version "3.1.0"
  resolved "https://registry.yarnpkg.com/csstype/-/csstype-3.1.0.tgz#4ddcac3718d787cf9df0d1b7d15033925c8f29f2"
  integrity sha512-uX1KG+x9h5hIJsaKR9xHUeUraxf8IODOwq9JLNPq6BwB04a/xgpq3rcx47l5BZu5zBPlgD342tdke3Hom/nJRA==

dom-helpers@^5.0.1:
  version "5.2.1"
  resolved "https://registry.yarnpkg.com/dom-helpers/-/dom-helpers-5.2.1.tgz#d9400536b2bf8225ad98fe052e029451ac40e902"
  integrity sha512-nRCa7CK3VTrM2NmGkIy4cbK7IZlgBE/PYMn55rrXefr5xXDP0LdtfPnblFDoVdcAfslJ7or6iqAUnx0CCGIWQA==
  dependencies:
    "@babel/runtime" "^7.8.7"
    csstype "^3.0.2"

"js-tokens@^3.0.0 || ^4.0.0":
  version "4.0.0"
  resolved "https://registry.yarnpkg.com/js-tokens/-/js-tokens-4.0.0.tgz#19203fb59991df98e3a287050d4647cdeaf32499"
  integrity sha512-RdJUflcE3cUzKiMqQgsCu06FPu9UdIJO0beYbPhHN4k6apgJtifcoCtT9bcxOpYBtpD2kCM6Sbzg4CausW/PKQ==

loose-envify@^1.4.0:
  version "1.4.0"
  resolved "https://registry.yarnpkg.com/loose-envify/-/loose-envify-1.4.0.tgz#71ee51fa7be4caec1a63839f7e682d8132d30caf"
  integrity sha512-lyuxPGr/Wfhrlem2CL/UcnUc1zcqKAImBDzukY7Y5F/yQiNdko6+fRLevlw1HgMySw7f611UIY408EtxRSoK3Q==
  dependencies:
    js-tokens "^3.0.0 || ^4.0.0"

object-assign@^4.1.1:
  version "4.1.1"
  resolved "https://registry.yarnpkg.com/object-assign/-/object-assign-4.1.1.tgz#2109adc7965887cfc05cbbd442cac8bfbb360863"
  integrity sha512-rJgTQnkUnH1sFw8yT6VSU3zD3sWmu6sZhIseY8VX+GRu3P6F7Fu+JNDoXfklElbLJSnc3FUQHVe4cU5hj+BcUg==

prop-types@^15.6.2, prop-types@^15.7.2, prop-types@^15.8.1:
  version "15.8.1"
  resolved "https://registry.yarnpkg.com/prop-types/-/prop-types-15.8.1.tgz#67d87bf1a694f48435cf332c24af10214a3140b5"
  integrity sha512-oj87CgZICdulUohogVAR7AjlC0327U4el4L6eAvOqCeudMDVU0NThNaV+b9Df4dXgSP1gXMTnPdhfe/2qDH5cg==
  dependencies:
    loose-envify "^1.4.0"
    object-assign "^4.1.1"
    react-is "^16.13.1"

react-is@^16.13.1:
  version "16.13.1"
  resolved "https://registry.yarnpkg.com/react-is/-/react-is-16.13.1.tgz#789729a4dc36de2999dc156dd6c1d9c18cea56a4"
  integrity sha512-24e6ynE2H+OKt4kqsOvNd8kBpV65zoxbA4BVsEOB3ARVWQki/DHzaUoC5KuON/BiccDaCCTZBuOcfZs70kR8bQ==

react-is@^17.0.2:
  version "17.0.2"
  resolved "https://registry.yarnpkg.com/react-is/-/react-is-17.0.2.tgz#e691d4a8e9c789365655539ab372762b0efb54f0"
  integrity sha512-w2GsyukL62IJnlaff/nRegPQR94C/XXamvMWmSHRJ4y7Ts/4ocGRmTHvOs8PSE6pB3dWOrD/nueuU5sduBsQ4w==

react-transition-group@^4.4.2:
  version "4.4.2"
  resolved "https://registry.yarnpkg.com/react-transition-group/-/react-transition-group-4.4.2.tgz#8b59a56f09ced7b55cbd53c36768b922890d5470"
  integrity sha512-/RNYfRAMlZwDSr6z4zNKV6xu53/e2BuaBbGhbyYIXTrmgu/bGHzmqOs7mJSJBHy9Ud+ApHx3QjrkKSp1pxvlFg==
  dependencies:
    "@babel/runtime" "^7.5.5"
    dom-helpers "^5.0.1"
    loose-envify "^1.4.0"
    prop-types "^15.6.2"

regenerator-runtime@^0.13.4:
  version "0.13.9"
  resolved "https://registry.yarnpkg.com/regenerator-runtime/-/regenerator-runtime-0.13.9.tgz#8925742a98ffd90814988d7566ad30ca3b263b52"
  integrity sha512-p3VT+cOEgxFsRRA9X4lkI1E+k2/CtnKtU4gcxyaCUreilL/vqI6CdZ3wxVUx3UOUg+gnUOQQcRI7BmSI656MYA==

rifm@^0.12.1:
  version "0.12.1"
  resolved "https://registry.yarnpkg.com/rifm/-/rifm-0.12.1.tgz#8fa77f45b7f1cda2a0068787ac821f0593967ac4"
  integrity sha512-OGA1Bitg/dSJtI/c4dh90svzaUPt228kzFsUkJbtA2c964IqEAwWXeL9ZJi86xWv3j5SMqRvGULl7bA6cK0Bvg==

stylis@4.0.13:
  version "4.0.13"
  resolved "https://registry.yarnpkg.com/stylis/-/stylis-4.0.13.tgz#f5db332e376d13cc84ecfe5dace9a2a51d954c91"
  integrity sha512-xGPXiFVl4YED9Jh7Euv2V220mriG9u4B2TA6Ybjc1catrstKD2PpIdU3U0RKpkVBC2EhmL/F0sPCr9vrFTNRag==
